
Microsoft Visual Studio Solution File, Format Version 12.00
# Visual Studio Version 17
VisualStudioVersion = 17.0.32112.339
MinimumVisualStudioVersion = 10.0.40219.1
Project("{FAE04EC0-301F-11D3-BF4B-00C04F79EFBC}") = "manterclasse.api", "manterclasse.api\manterclasse.api.csproj", "{1BB81CEF-81A1-4521-8727-E1D6019D8EBA}"
EndProject
Global
	GlobalSection(SolutionConfigurationPlatforms) = preSolution
		Debug|Any CPU = Debug|Any CPU
		Release|Any CPU = Release|Any CPU
	EndGlobalSection
	GlobalSection(ProjectConfigurationPlatforms) = postSolution
		{1BB81CEF-81A1-4521-8727-E1D6019D8EBA}.Debug|Any CPU.ActiveCfg = Debug|Any CPU
		{1BB81CEF-81A1-4521-8727-E1D6019D8EBA}.Debug|Any CPU.Build.0 = Debug|Any CPU
		{1BB81CEF-81A1-4521-8727-E1D6019D8EBA}.Release|Any CPU.ActiveCfg = Release|Any CPU
		{1BB81CEF-81A1-4521-8727-E1D6019D8EBA}.Release|Any CPU.Build.0 = Release|Any CPU
	EndGlobalSection
	GlobalSection(SolutionProperties) = preSolution
		HideSolutionNode = FALSE
	EndGlobalSection
	GlobalSection(ExtensibilityGlobals) = postSolution
		SolutionGuid = {D2B5AF0E-996D-46AD-91A7-4882A7377384}
	EndGlobalSection
EndGlobal
